// !$*UTF8*$!
{
	archiveVersion = 1;
	classes = {
	};
	objectVersion = 46;
	objects = {

/* Begin PBXBuildFile section */
		AEF1FC8A1D086E78002FD60F /* AppDelegate.swift in Sources */ = {isa = PBXBuildFile; fileRef = AEF1FC891D086E78002FD60F /* AppDelegate.swift */; };
		AEF1FC8C1D086E78002FD60F /* ViewController.swift in Sources */ = {isa = PBXBuildFile; fileRef = AEF1FC8B1D086E78002FD60F /* ViewController.swift */; };
		AEF1FC8F1D086E78002FD60F /* Main.storyboard in Resources */ = {isa = PBXBuildFile; fileRef = AEF1FC8D1D086E78002FD60F /* Main.storyboard */; };
		AEF1FC911D086E78002FD60F /* Assets.xcassets in Resources */ = {isa = PBXBuildFile; fileRef = AEF1FC901D086E78002FD60F /* Assets.xcassets */; };
		AEF1FC941D086E78002FD60F /* LaunchScreen.storyboard in Resources */ = {isa = PBXBuildFile; fileRef = AEF1FC921D086E78002FD60F /* LaunchScreen.storyboard */; };
/* End PBXBuildFile section */

/* Begin PBXFileReference section */
		AEF1FC861D086E78002FD60F /* ReactiveSwiftSample.app */ = {isa = PBXFileReference; explicitFileType = wrapper.application; includeInIndex = 0; path = ReactiveSwiftSample.app; sourceTree = BUILT_PRODUCTS_DIR; };
		AEF1FC891D086E78002FD60F /* AppDelegate.swift */ = {isa = PBXFileReference; lastKnownFileType = sourcecode.swift; path = AppDelegate.swift; sourceTree = "<group>"; };
		AEF1FC8B1D086E78002FD60F /* ViewController.swift */ = {isa = PBXFileReference; lastKnownFileType = sourcecode.swift; path = ViewController.swift; sourceTree = "<group>"; };
		AEF1FC8E1D086E78002FD60F /* Base */ = {isa = PBXFileReference; lastKnownFileType = file.storyboard; name = Base; path = Base.lproj/Main.storyboard; sourceTree = "<group>"; };
		AEF1FC901D086E78002FD60F /* Assets.xcassets */ = {isa = PBXFileReference; lastKnownFileType = folder.assetcatalog; path = Assets.xcassets; sourceTree = "<group>"; };
		AEF1FC931D086E78002FD60F /* Base */ = {isa = PBXFileReference; lastKnownFileType = file.storyboard; name = Base; path = Base.lproj/LaunchScreen.storyboard; sourceTree = "<group>"; };
		AEF1FC951D086E78002FD60F /* Info.plist */ = {isa = PBXFileReference; lastKnownFileType = text.plist.xml; path = Info.plist; sourceTree = "<group>"; };
/* End PBXFileReference section */

/* Begin PBXFrameworksBuildPhase section */
		AEF1FC831D086E78002FD60F /* Frameworks */ = {
			isa = PBXFrameworksBuildPhase;
			buildActionMask = 2147483647;
			files = (
			);
			runOnlyForDeploymentPostprocessing = 0;
		};
/* End PBXFrameworksBuildPhase section */

/* Begin PBXGroup section */
		AEF1FC7D1D086E77002FD60F = {
			isa = PBXGroup;
			children = (
				AEF1FC881D086E78002FD60F /* ReactiveSwiftSample */,
				AEF1FC871D086E78002FD60F /* Products */,
			);
			sourceTree = "<group>";
		};
		AEF1FC871D086E78002FD60F /* Products */ = {
			isa = PBXGroup;
			children = (
				AEF1FC861D086E78002FD60F /* ReactiveSwiftSample.app */,
			);
			name = Products;
			sourceTree = "<group>";
		};
		AEF1FC881D086E78002FD60F /* ReactiveSwiftSample */ = {
			isa = PBXGroup;
			children = (
				AEF1FC891D086E78002FD60F /* AppDelegate.swift */,
				AEF1FC8B1D086E78002FD60F /* ViewController.swift */,
				AEF1FC8D1D086E78002FD60F /* Main.storyboard */,
				AEF1FC901D086E78002FD60F /* Assets.xcassets */,
				AEF1FC921D086E78002FD60F /* LaunchScreen.storyboard */,
				AEF1FC951D086E78002FD60F /* Info.plist */,
			);
			path = ReactiveSwiftSample;
			sourceTree = "<group>";
		};
/* End PBXGroup section */

/* Begin PBXNativeTarget section */
		AEF1FC851D086E78002FD60F /* ReactiveSwiftSample */ = {
			isa = PBXNativeTarget;
			buildConfigurationList = AEF1FC981D086E78002FD60F /* Build configuration list for PBXNativeTarget "ReactiveSwiftSample" */;
			buildPhases = (
				AEF1FC821D086E78002FD60F /* Sources */,
				AEF1FC831D086E78002FD60F /* Frameworks */,
				AEF1FC841D086E78002FD60F /* Resources */,
			);
			buildRules = (
			);
			dependencies = (
			);
			name = ReactiveSwiftSample;
			productName = ReactiveSwiftSample;
			productReference = AEF1FC861D086E78002FD60F /* ReactiveSwiftSample.app */;
			productType = "com.apple.product-type.application";
		};
/* End PBXNativeTarget section */

/* Begin PBXProject section */
		AEF1FC7E1D086E77002FD60F /* Project object */ = {
			isa = PBXProject;
			attributes = {
				LastSwiftUpdateCheck = 0730;
				LastUpgradeCheck = 0730;
				ORGANIZATIONNAME = mainvolume;
				TargetAttributes = {
					AEF1FC851D086E78002FD60F = {
						CreatedOnToolsVersion = 7.3.1;
					};
				};
			};
			buildConfigurationList = AEF1FC811D086E77002FD60F /* Build configuration list for PBXProject "ReactiveSwiftSample" */;
			compatibilityVersion = "Xcode 3.2";
			developmentRegion = English;
			hasScannedForEncodings = 0;
			knownRegions = (
				en,
				Base,
			);
			mainGroup = AEF1FC7D1D086E77002FD60F;
			productRefGroup = AEF1FC871D086E78002FD60F /* Products */;
			projectDirPath = "";
			projectRoot = "";
			targets = (
				AEF1FC851D086E78002FD60F /* ReactiveSwiftSample */,
			);
		};
/* End PBXProject section */

/* Begin PBXResourcesBuildPhase section */
		AEF1FC841D086E78002FD60F /* Resources */ = {
			isa = PBXResourcesBuildPhase;
			buildActionMask = 2147483647;
			files = (
				AEF1FC941D086E78002FD60F /* LaunchScreen.storyboard in Resources */,
				AEF1FC911D086E78002FD60F /* Assets.xcassets in Resources */,
				AEF1FC8F1D086E78002FD60F /* Main.storyboard in Resources */,
			);
			runOnlyForDeploymentPostprocessing = 0;
		};
/* End PBXResourcesBuildPhase section */

/* Begin PBXSourcesBuildPhase section */
		AEF1FC821D086E78002FD60F /* Sources */ = {
			isa = PBXSourcesBuildPhase;
			buildActionMask = 2147483647;
			files = (
				AEF1FC8C1D086E78002FD60F /* ViewController.swift in Sources */,
				AEF1FC8A1D086E78002FD60F /* AppDelegate.swift in Sources */,
			);
			runOnlyForDeploymentPostprocessing = 0;
		};
/* End PBXSourcesBuildPhase section */

/* Begin PBXVariantGroup section */
		AEF1FC8D1D086E78002FD60F /* Main.storyboard */ = {
			isa = PBXVariantGroup;
			children = (
				AEF1FC8E1D086E78002FD60F /* Base */,
			);
			name = Main.storyboard;
			sourceTree = "<group>";
		};
		AEF1FC921D086E78002FD60F /* LaunchScreen.storyboard */ = {
			isa = PBXVariantGroup;
			children = (
				AEF1FC931D086E78002FD60F /* Base */,
			);
			name = LaunchScreen.storyboard;
			sourceTree = "<group>";
		};
/* End PBXVariantGroup section */

/* Begin XCBuildConfiguration section */
		AEF1FC961D086E78002FD60F /* Debug */ = {
			isa = XCBuildConfiguration;
			buildSettings = {
				ALWAYS_SEARCH_USER_PATHS = NO;
				CLANG_ANALYZER_NONNULL = YES;
				CLANG_CXX_LANGUAGE_STANDARD = "gnu++0x";
				CLANG_CXX_LIBRARY = "libc++";
				CLANG_ENABLE_MODULES = YES;
				CLANG_ENABLE_OBJC_ARC = YES;
				CLANG_WARN_BOOL_CONVERSION = YES;
				CLANG_WARN_CONSTANT_CONVERSION = YES;
				CLANG_WARN_DIRECT_OBJC_ISA_USAGE = YES_ERROR;
				CLANG_WARN_EMPTY_BODY = YES;
				CLANG_WARN_ENUM_CONVERSION = YES;
				CLANG_WARN_INT_CONVERSION = YES;
				CLANG_WARN_OBJC_ROOT_CLASS = YES_ERROR;
				CLANG_WARN_UNREACHABLE_CODE = YES;
				CLANG_WARN__DUPLICATE_METHOD_MATCH = YES;
				"CODE_SIGN_IDENTITY[sdk=iphoneos*]" = "iPhone Developer";
				COPY_PHASE_STRIP = NO;
				DEBUG_INFORMATION_FORMAT = dwarf;
				ENABLE_STRICT_OBJC_MSGSEND = YES;
				ENABLE_TESTABILITY = YES;
				GCC_C_LANGUAGE_STANDARD = gnu99;
				GCC_DYNAMIC_NO_PIC = NO;
				GCC_NO_COMMON_BLOCKS = YES;
				GCC_OPTIMIZATION_LEVEL = 0;
				GCC_PREPROCESSOR_DEFINITIONS = (
					"DEBUG=1",
					"$(inherited)",
				);
				GCC_WARN_64_TO_32_BIT_CONVERSION = YES;
				GCC_WARN_ABOUT_RETURN_TYPE = YES_ERROR;
				GCC_WARN_UNDECLARED_SELECTOR = YES;
				GCC_WARN_UNINITIALIZED_AUTOS = YES_AGGRESSIVE;
				GCC_WARN_UNUSED_FUNCTION = YES;
				GCC_WARN_UNUSED_VARIABLE = YES;
				IPHONEOS_DEPLOYMENT_TARGET = 9.3;
				MTL_ENABLE_DEBUG_INFO = YES;
				ONLY_ACTIVE_ARCH = YES;
				SDKROOT = iphoneos;
				SWIFT_OPTIMIZATION_LEVEL = "-Onone";
			};
			name = Debug;
		};
		AEF1FC971D086E78002FD60F /* Release */ = {
			isa = XCBuildConfiguration;
			buildSettings = {
				ALWAYS_SEARCH_USER_PATHS = NO;
				CLANG_ANALYZER_NONNULL = YES;
				CLANG_CXX_LANGUAGE_STANDARD = "gnu++0x";
				CLANG_CXX_LIBRARY = "libc++";
				CLANG_ENABLE_MODULES = YES;
				CLANG_ENABLE_OBJC_ARC = YES;
				CLANG_WARN_BOOL_CONVERSION = YES;
				CLANG_WARN_CONSTANT_CONVERSION = YES;
				CLANG_WARN_DIRECT_OBJC_ISA_USAGE = YES_ERROR;
				CLANG_WARN_EMPTY_BODY = YES;
				CLANG_WARN_ENUM_CONVERSION = YES;
				CLANG_WARN_INT_CONVERSION = YES;
				CLANG_WARN_OBJC_ROOT_CLASS = YES_ERROR;
				CLANG_WARN_UNREACHABLE_CODE = YES;
				CLANG_WARN__DUPLICATE_METHOD_MATCH = YES;
				"CODE_SIGN_IDENTITY[sdk=iphoneos*]" = "iPhone Developer";
				COPY_PHASE_STRIP = NO;
				DEBUG_INFORMATION_FORMAT = "dwarf-with-dsym";
				ENABLE_NS_ASSERTIONS = NO;
				ENABLE_STRICT_OBJC_MSGSEND = YES;
				GCC_C_LANGUAGE_STANDARD = gnu99;
				GCC_NO_COMMON_BLOCKS = YES;
				GCC_WARN_64_TO_32_BIT_CONVERSION = YES;
				GCC_WARN_ABOUT_RETURN_TYPE = YES_ERROR;
				GCC_WARN_UNDECLARED_SELECTOR = YES;
				GCC_WARN_UNINITIALIZED_AUTOS = YES_AGGRESSIVE;
				GCC_WARN_UNUSED_FUNCTION = YES;
				GCC_WARN_UNUSED_VARIABLE = YES;
				IPHONEOS_DEPLOYMENT_TARGET = 9.3;
				MTL_ENABLE_DEBUG_INFO = NO;
				SDKROOT = iphoneos;
				VALIDATE_PRODUCT = YES;
			};
			name = Release;
		};
		AEF1FC991D086E78002FD60F /* Debug */ = {
			isa = XCBuildConfiguration;
			buildSettings = {
				ASSETCATALOG_COMPILER_APPICON_NAME = AppIcon;
				INFOPLIST_FILE = ReactiveSwiftSample/Info.plist;
				LD_RUNPATH_SEARCH_PATHS = "$(inherited) @executable_path/Frameworks";
				PRODUCT_BUNDLE_IDENTIFIER = com.mainvolume.ReactiveSwiftSample;
				PRODUCT_NAME = "$(TARGET_NAME)";
			};
			name = Debug;
		};
		AEF1FC9A1D086E78002FD60F /* Release */ = {
			isa = XCBuildConfiguration;
			buildSettings = {
				ASSETCATALOG_COMPILER_APPICON_NAME = AppIcon;
				INFOPLIST_FILE = ReactiveSwiftSample/Info.plist;
				LD_RUNPATH_SEARCH_PATHS = "$(inherited) @executable_path/Frameworks";
				PRODUCT_BUNDLE_IDENTIFIER = com.mainvolume.ReactiveSwiftSample;
				PRODUCT_NAME = "$(TARGET_NAME)";
			};
			name = Release;
		};
/* End XCBuildConfiguration section */

/* Begin XCConfigurationList section */
		AEF1FC811D086E77002FD60F /* Build configuration list for PBXProject "ReactiveSwiftSample" */ = {
			isa = XCConfigurationList;
			buildConfigurations = (
				AEF1FC961D086E78002FD60F /* Debug */,
				AEF1FC971D086E78002FD60F /* Release */,
			);
			defaultConfigurationIsVisible = 0;
			defaultConfigurationName = Release;
		};
		AEF1FC981D086E78002FD60F /* Build configuration list for PBXNativeTarget "ReactiveSwiftSample" */ = {
			isa = XCConfigurationList;
			buildConfigurations = (
				AEF1FC991D086E78002FD60F /* Debug */,
				AEF1FC9A1D086E78002FD60F /* Release */,
			);
			defaultConfigurationIsVisible = 0;
		};
/* End XCConfigurationList section */
	};
	rootObject = AEF1FC7E1D086E77002FD60F /* Project object */;
}
